
Microsoft Visual Studio Solution File, Format Version 12.00
# Visual Studio Version 16
VisualStudioVersion = 16.0.29806.167
MinimumVisualStudioVersion = 10.0.40219.1
Project("{FAE04EC0-301F-11D3-BF4B-00C04F79EFBC}") = "invoiceRenderer", "invoiceRenderer\invoiceRenderer.csproj", "{FBA9FB1D-BA07-4241-B0C0-57BBFECEFE85}"
EndProject
Global
	GlobalSection(SolutionConfigurationPlatforms) = preSolution
		Debug|Any CPU = Debug|Any CPU
		Release|Any CPU = Release|Any CPU
	EndGlobalSection
	GlobalSection(ProjectConfigurationPlatforms) = postSolution
		{FBA9FB1D-BA07-4241-B0C0-57BBFECEFE85}.Debug|Any CPU.ActiveCfg = Debug|Any CPU
		{FBA9FB1D-BA07-4241-B0C0-57BBFECEFE85}.Debug|Any CPU.Build.0 = Debug|Any CPU
		{FBA9FB1D-BA07-4241-B0C0-57BBFECEFE85}.Release|Any CPU.ActiveCfg = Release|Any CPU
		{FBA9FB1D-BA07-4241-B0C0-57BBFECEFE85}.Release|Any CPU.Build.0 = Release|Any CPU
	EndGlobalSection
	GlobalSection(SolutionProperties) = preSolution
		HideSolutionNode = FALSE
	EndGlobalSection
	GlobalSection(ExtensibilityGlobals) = postSolution
		SolutionGuid = {3186E5FC-8B61-42F4-AFBE-FEE3D8A43D9E}
	EndGlobalSection
EndGlobal
